
Microsoft Visual Studio Solution File, Format Version 12.00
# Visual Studio Version 16
VisualStudioVersion = 16.0.31605.320
MinimumVisualStudioVersion = 10.0.40219.1
Project("{9A19103F-16F7-4668-BE54-9A1E7A4F7556}") = "Job4Developers", "Job4Developers\Job4Developers.csproj", "{EEBFD6D1-EDCF-436F-B887-3C38AD6A4A74}"
EndProject
Project("{9A19103F-16F7-4668-BE54-9A1E7A4F7556}") = "Job4Developers.Integration.Test", "Job4Developers.Integration.Test\Job4Developers.Integration.Test.csproj", "{C8014A9D-F240-4ABF-8D06-1FF747283F9E}"
EndProject
Project("{9A19103F-16F7-4668-BE54-9A1E7A4F7556}") = "AbstractFactory", "AbstractFactory\AbstractFactory.csproj", "{ACCC3039-5918-4A3E-8387-096034E2F45C}"
EndProject
Project("{9A19103F-16F7-4668-BE54-9A1E7A4F7556}") = "FactoryMethod", "FactoryMethod\FactoryMethod.csproj", "{B33119E0-7179-4EC7-A8DB-EC37FFC12E93}"
EndProject
Project("{FAE04EC0-301F-11D3-BF4B-00C04F79EFBC}") = "FactoryMethod2", "FactoryMethod2\FactoryMethod2.csproj", "{4163D103-17FD-4B7E-BE46-501471A25F31}"
EndProject
Project("{FAE04EC0-301F-11D3-BF4B-00C04F79EFBC}") = "FactoryMethodDirty", "FactoryMethodDirty\FactoryMethodDirty.csproj", "{EF8BC70E-D0D4-4A46-983F-BBC48DEB39EE}"
EndProject
Global
	GlobalSection(SolutionConfigurationPlatforms) = preSolution
		Debug|Any CPU = Debug|Any CPU
		Release|Any CPU = Release|Any CPU
	EndGlobalSection
	GlobalSection(ProjectConfigurationPlatforms) = postSolution
		{EEBFD6D1-EDCF-436F-B887-3C38AD6A4A74}.Debug|Any CPU.ActiveCfg = Debug|Any CPU
		{EEBFD6D1-EDCF-436F-B887-3C38AD6A4A74}.Debug|Any CPU.Build.0 = Debug|Any CPU
		{EEBFD6D1-EDCF-436F-B887-3C38AD6A4A74}.Release|Any CPU.ActiveCfg = Release|Any CPU
		{EEBFD6D1-EDCF-436F-B887-3C38AD6A4A74}.Release|Any CPU.Build.0 = Release|Any CPU
		{C8014A9D-F240-4ABF-8D06-1FF747283F9E}.Debug|Any CPU.ActiveCfg = Debug|Any CPU
		{C8014A9D-F240-4ABF-8D06-1FF747283F9E}.Debug|Any CPU.Build.0 = Debug|Any CPU
		{C8014A9D-F240-4ABF-8D06-1FF747283F9E}.Release|Any CPU.ActiveCfg = Release|Any CPU
		{C8014A9D-F240-4ABF-8D06-1FF747283F9E}.Release|Any CPU.Build.0 = Release|Any CPU
		{ACCC3039-5918-4A3E-8387-096034E2F45C}.Debug|Any CPU.ActiveCfg = Debug|Any CPU
		{ACCC3039-5918-4A3E-8387-096034E2F45C}.Debug|Any CPU.Build.0 = Debug|Any CPU
		{ACCC3039-5918-4A3E-8387-096034E2F45C}.Release|Any CPU.ActiveCfg = Release|Any CPU
		{ACCC3039-5918-4A3E-8387-096034E2F45C}.Release|Any CPU.Build.0 = Release|Any CPU
		{B33119E0-7179-4EC7-A8DB-EC37FFC12E93}.Debug|Any CPU.ActiveCfg = Debug|Any CPU
		{B33119E0-7179-4EC7-A8DB-EC37FFC12E93}.Debug|Any CPU.Build.0 = Debug|Any CPU
		{B33119E0-7179-4EC7-A8DB-EC37FFC12E93}.Release|Any CPU.ActiveCfg = Release|Any CPU
		{B33119E0-7179-4EC7-A8DB-EC37FFC12E93}.Release|Any CPU.Build.0 = Release|Any CPU
		{4163D103-17FD-4B7E-BE46-501471A25F31}.Debug|Any CPU.ActiveCfg = Debug|Any CPU
		{4163D103-17FD-4B7E-BE46-501471A25F31}.Debug|Any CPU.Build.0 = Debug|Any CPU
		{4163D103-17FD-4B7E-BE46-501471A25F31}.Release|Any CPU.ActiveCfg = Release|Any CPU
		{4163D103-17FD-4B7E-BE46-501471A25F31}.Release|Any CPU.Build.0 = Release|Any CPU
		{EF8BC70E-D0D4-4A46-983F-BBC48DEB39EE}.Debug|Any CPU.ActiveCfg = Debug|Any CPU
		{EF8BC70E-D0D4-4A46-983F-BBC48DEB39EE}.Debug|Any CPU.Build.0 = Debug|Any CPU
		{EF8BC70E-D0D4-4A46-983F-BBC48DEB39EE}.Release|Any CPU.ActiveCfg = Release|Any CPU
		{EF8BC70E-D0D4-4A46-983F-BBC48DEB39EE}.Release|Any CPU.Build.0 = Release|Any CPU
	EndGlobalSection
	GlobalSection(SolutionProperties) = preSolution
		HideSolutionNode = FALSE
	EndGlobalSection
	GlobalSection(ExtensibilityGlobals) = postSolution
		SolutionGuid = {7A7F75E1-F6F1-4CC2-9BD9-FFDC63DE4E41}
	EndGlobalSection
EndGlobal
